
Microsoft Visual Studio Solution File, Format Version 12.00
# Visual Studio Version 16
VisualStudioVersion = 16.0.31410.357
MinimumVisualStudioVersion = 10.0.40219.1
Project("{9A19103F-16F7-4668-BE54-9A1E7A4F7556}") = "EcmaCompiler", "EcmaCompiler.csproj", "{3DEE6E18-ACCF-467E-938C-B8659D3708CA}"
EndProject
Project("{FAE04EC0-301F-11D3-BF4B-00C04F79EFBC}") = "EcmaCompilerTests", "..\EcmaCompilerTests\EcmaCompilerTests.csproj", "{366FE140-3A51-4F33-B321-7CC27CEC4BB3}"
EndProject
Global
	GlobalSection(SolutionConfigurationPlatforms) = preSolution
		Debug|Any CPU = Debug|Any CPU
		Release|Any CPU = Release|Any CPU
	EndGlobalSection
	GlobalSection(ProjectConfigurationPlatforms) = postSolution
		{3DEE6E18-ACCF-467E-938C-B8659D3708CA}.Debug|Any CPU.ActiveCfg = Debug|Any CPU
		{3DEE6E18-ACCF-467E-938C-B8659D3708CA}.Debug|Any CPU.Build.0 = Debug|Any CPU
		{3DEE6E18-ACCF-467E-938C-B8659D3708CA}.Release|Any CPU.ActiveCfg = Release|Any CPU
		{3DEE6E18-ACCF-467E-938C-B8659D3708CA}.Release|Any CPU.Build.0 = Release|Any CPU
		{366FE140-3A51-4F33-B321-7CC27CEC4BB3}.Debug|Any CPU.ActiveCfg = Debug|Any CPU
		{366FE140-3A51-4F33-B321-7CC27CEC4BB3}.Debug|Any CPU.Build.0 = Debug|Any CPU
		{366FE140-3A51-4F33-B321-7CC27CEC4BB3}.Release|Any CPU.ActiveCfg = Release|Any CPU
		{366FE140-3A51-4F33-B321-7CC27CEC4BB3}.Release|Any CPU.Build.0 = Release|Any CPU
	EndGlobalSection
	GlobalSection(SolutionProperties) = preSolution
		HideSolutionNode = FALSE
	EndGlobalSection
	GlobalSection(ExtensibilityGlobals) = postSolution
		SolutionGuid = {577F411E-71BD-4C69-8B02-E8D3917C9D75}
	EndGlobalSection
EndGlobal
